// !$*UTF8*$!
{
	archiveVersion = 1;
	classes = {
	};
	objectVersion = 48;
	objects = {

/* Begin PBXBuildFile section */
		0BFB014AFB6E0F0CB71593D6 /* Pods_BreakPoint.framework in Frameworks */ = {isa = PBXBuildFile; fileRef = 9A24B3957610D9AA6D6E0338 /* Pods_BreakPoint.framework */; };
		39022D09217877B300C15420 /* User.swift in Sources */ = {isa = PBXBuildFile; fileRef = 39022D08217877B300C15420 /* User.swift */; };
		3903108E217D6BE40008AFF6 /* CircleImage.swift in Sources */ = {isa = PBXBuildFile; fileRef = 3903108D217D6BE30008AFF6 /* CircleImage.swift */; };
		39031090217D7B9C0008AFF6 /* UIImageExt.swift in Sources */ = {isa = PBXBuildFile; fileRef = 3903108F217D7B9C0008AFF6 /* UIImageExt.swift */; };
		3939306920510F4B00AA0AA5 /* UIViewExt.swift in Sources */ = {isa = PBXBuildFile; fileRef = 3939306820510F4B00AA0AA5 /* UIViewExt.swift */; };
		3939306B2051196D00AA0AA5 /* FeedCell.swift in Sources */ = {isa = PBXBuildFile; fileRef = 3939306A2051196D00AA0AA5 /* FeedCell.swift */; };
		3939306D2052127A00AA0AA5 /* Message.swift in Sources */ = {isa = PBXBuildFile; fileRef = 3939306C2052127A00AA0AA5 /* Message.swift */; };
		39771C11205516030080F859 /* CreateGroupsVC.swift in Sources */ = {isa = PBXBuildFile; fileRef = 39771C10205516030080F859 /* CreateGroupsVC.swift */; };
		39771C132055418B0080F859 /* UserCell.swift in Sources */ = {isa = PBXBuildFile; fileRef = 39771C122055418B0080F859 /* UserCell.swift */; };
		39771C1520565D820080F859 /* GroupCell.swift in Sources */ = {isa = PBXBuildFile; fileRef = 39771C1420565D820080F859 /* GroupCell.swift */; };
		39771C172056614D0080F859 /* Group.swift in Sources */ = {isa = PBXBuildFile; fileRef = 39771C162056614D0080F859 /* Group.swift */; };
		39771C1920566EB60080F859 /* GroupFeedCell.swift in Sources */ = {isa = PBXBuildFile; fileRef = 39771C1820566EB60080F859 /* GroupFeedCell.swift */; };
		39771C1B20566FDC0080F859 /* GroupFeedVC.swift in Sources */ = {isa = PBXBuildFile; fileRef = 39771C1A20566FDC0080F859 /* GroupFeedVC.swift */; };
		39771C1D20597A6A0080F859 /* UIViewControllerExt.swift in Sources */ = {isa = PBXBuildFile; fileRef = 39771C1C20597A6A0080F859 /* UIViewControllerExt.swift */; };
		39B469CC20475C3A008965C0 /* AppDelegate.swift in Sources */ = {isa = PBXBuildFile; fileRef = 39B469CB20475C3A008965C0 /* AppDelegate.swift */; };
		39B469CE20475C3A008965C0 /* FeedVC.swift in Sources */ = {isa = PBXBuildFile; fileRef = 39B469CD20475C3A008965C0 /* FeedVC.swift */; };
		39B469D020475C3A008965C0 /* GroupsVC.swift in Sources */ = {isa = PBXBuildFile; fileRef = 39B469CF20475C3A008965C0 /* GroupsVC.swift */; };
		39B469D320475C3A008965C0 /* Main.storyboard in Resources */ = {isa = PBXBuildFile; fileRef = 39B469D120475C3A008965C0 /* Main.storyboard */; };
		39B469D520475C3A008965C0 /* Assets.xcassets in Resources */ = {isa = PBXBuildFile; fileRef = 39B469D420475C3A008965C0 /* Assets.xcassets */; };
		39B469D820475C3A008965C0 /* LaunchScreen.storyboard in Resources */ = {isa = PBXBuildFile; fileRef = 39B469D620475C3A008965C0 /* LaunchScreen.storyboard */; };
		39B469E52047612D008965C0 /* GoogleService-Info.plist in Resources */ = {isa = PBXBuildFile; fileRef = 39B469E42047612D008965C0 /* GoogleService-Info.plist */; };
		39B469E72047643C008965C0 /* DataService.swift in Sources */ = {isa = PBXBuildFile; fileRef = 39B469E62047643C008965C0 /* DataService.swift */; };
		39B469E920484362008965C0 /* AuthVC.swift in Sources */ = {isa = PBXBuildFile; fileRef = 39B469E820484362008965C0 /* AuthVC.swift */; };
		39B469EB2048439F008965C0 /* LoginVC.swift in Sources */ = {isa = PBXBuildFile; fileRef = 39B469EA2048439F008965C0 /* LoginVC.swift */; };
		39B469ED204843F6008965C0 /* InsetTextField.swift in Sources */ = {isa = PBXBuildFile; fileRef = 39B469EC204843F6008965C0 /* InsetTextField.swift */; };
		39B469EF20484A6D008965C0 /* ShadowView.swift in Sources */ = {isa = PBXBuildFile; fileRef = 39B469EE20484A6D008965C0 /* ShadowView.swift */; };
		39B469F120490A38008965C0 /* AuthService.swift in Sources */ = {isa = PBXBuildFile; fileRef = 39B469F020490A38008965C0 /* AuthService.swift */; };
		39B469F420490C3F008965C0 /* Constants.swift in Sources */ = {isa = PBXBuildFile; fileRef = 39B469F320490C3F008965C0 /* Constants.swift */; };
		39B469F6205093C8008965C0 /* MeVC.swift in Sources */ = {isa = PBXBuildFile; fileRef = 39B469F5205093C8008965C0 /* MeVC.swift */; };
		39B469FA20510934008965C0 /* CreatePostVC.swift in Sources */ = {isa = PBXBuildFile; fileRef = 39B469F920510934008965C0 /* CreatePostVC.swift */; };
/* End PBXBuildFile section */

/* Begin PBXFileReference section */
		15AADB9182FB1824AA5681BC /* Pods-BreakPoint.debug.xcconfig */ = {isa = PBXFileReference; includeInIndex = 1; lastKnownFileType = text.xcconfig; name = "Pods-BreakPoint.debug.xcconfig"; path = "Pods/Target Support Files/Pods-BreakPoint/Pods-BreakPoint.debug.xcconfig"; sourceTree = "<group>"; };
		39022D08217877B300C15420 /* User.swift */ = {isa = PBXFileReference; lastKnownFileType = sourcecode.swift; path = User.swift; sourceTree = "<group>"; };
		3903108D217D6BE30008AFF6 /* CircleImage.swift */ = {isa = PBXFileReference; lastKnownFileType = sourcecode.swift; path = CircleImage.swift; sourceTree = "<group>"; };
		3903108F217D7B9C0008AFF6 /* UIImageExt.swift */ = {isa = PBXFileReference; lastKnownFileType = sourcecode.swift; path = UIImageExt.swift; sourceTree = "<group>"; };
		3939306820510F4B00AA0AA5 /* UIViewExt.swift */ = {isa = PBXFileReference; lastKnownFileType = sourcecode.swift; path = UIViewExt.swift; sourceTree = "<group>"; };
		3939306A2051196D00AA0AA5 /* FeedCell.swift */ = {isa = PBXFileReference; lastKnownFileType = sourcecode.swift; path = FeedCell.swift; sourceTree = "<group>"; };
		3939306C2052127A00AA0AA5 /* Message.swift */ = {isa = PBXFileReference; lastKnownFileType = sourcecode.swift; path = Message.swift; sourceTree = "<group>"; };
		39771C10205516030080F859 /* CreateGroupsVC.swift */ = {isa = PBXFileReference; lastKnownFileType = sourcecode.swift; path = CreateGroupsVC.swift; sourceTree = "<group>"; };
		39771C122055418B0080F859 /* UserCell.swift */ = {isa = PBXFileReference; lastKnownFileType = sourcecode.swift; path = UserCell.swift; sourceTree = "<group>"; };
		39771C1420565D820080F859 /* GroupCell.swift */ = {isa = PBXFileReference; lastKnownFileType = sourcecode.swift; path = GroupCell.swift; sourceTree = "<group>"; };
		39771C162056614D0080F859 /* Group.swift */ = {isa = PBXFileReference; lastKnownFileType = sourcecode.swift; path = Group.swift; sourceTree = "<group>"; };
		39771C1820566EB60080F859 /* GroupFeedCell.swift */ = {isa = PBXFileReference; lastKnownFileType = sourcecode.swift; path = GroupFeedCell.swift; sourceTree = "<group>"; };
		39771C1A20566FDC0080F859 /* GroupFeedVC.swift */ = {isa = PBXFileReference; lastKnownFileType = sourcecode.swift; path = GroupFeedVC.swift; sourceTree = "<group>"; };
		39771C1C20597A6A0080F859 /* UIViewControllerExt.swift */ = {isa = PBXFileReference; lastKnownFileType = sourcecode.swift; path = UIViewControllerExt.swift; sourceTree = "<group>"; };
		39B469C820475C3A008965C0 /* BreakPoint.app */ = {isa = PBXFileReference; explicitFileType = wrapper.application; includeInIndex = 0; path = BreakPoint.app; sourceTree = BUILT_PRODUCTS_DIR; };
		39B469CB20475C3A008965C0 /* AppDelegate.swift */ = {isa = PBXFileReference; lastKnownFileType = sourcecode.swift; path = AppDelegate.swift; sourceTree = "<group>"; };
		39B469CD20475C3A008965C0 /* FeedVC.swift */ = {isa = PBXFileReference; lastKnownFileType = sourcecode.swift; path = FeedVC.swift; sourceTree = "<group>"; };
		39B469CF20475C3A008965C0 /* GroupsVC.swift */ = {isa = PBXFileReference; lastKnownFileType = sourcecode.swift; path = GroupsVC.swift; sourceTree = "<group>"; };
		39B469D220475C3A008965C0 /* Base */ = {isa = PBXFileReference; lastKnownFileType = file.storyboard; name = Base; path = Base.lproj/Main.storyboard; sourceTree = "<group>"; };
		39B469D420475C3A008965C0 /* Assets.xcassets */ = {isa = PBXFileReference; lastKnownFileType = folder.assetcatalog; path = Assets.xcassets; sourceTree = "<group>"; };
		39B469D720475C3A008965C0 /* Base */ = {isa = PBXFileReference; lastKnownFileType = file.storyboard; name = Base; path = Base.lproj/LaunchScreen.storyboard; sourceTree = "<group>"; };
		39B469D920475C3A008965C0 /* Info.plist */ = {isa = PBXFileReference; lastKnownFileType = text.plist.xml; path = Info.plist; sourceTree = "<group>"; };
		39B469E42047612D008965C0 /* GoogleService-Info.plist */ = {isa = PBXFileReference; fileEncoding = 4; lastKnownFileType = text.plist.xml; path = "GoogleService-Info.plist"; sourceTree = "<group>"; };
		39B469E62047643C008965C0 /* DataService.swift */ = {isa = PBXFileReference; lastKnownFileType = sourcecode.swift; path = DataService.swift; sourceTree = "<group>"; };
		39B469E820484362008965C0 /* AuthVC.swift */ = {isa = PBXFileReference; lastKnownFileType = sourcecode.swift; path = AuthVC.swift; sourceTree = "<group>"; };
		39B469EA2048439F008965C0 /* LoginVC.swift */ = {isa = PBXFileReference; lastKnownFileType = sourcecode.swift; path = LoginVC.swift; sourceTree = "<group>"; };
		39B469EC204843F6008965C0 /* InsetTextField.swift */ = {isa = PBXFileReference; lastKnownFileType = sourcecode.swift; path = InsetTextField.swift; sourceTree = "<group>"; };
		39B469EE20484A6D008965C0 /* ShadowView.swift */ = {isa = PBXFileReference; lastKnownFileType = sourcecode.swift; path = ShadowView.swift; sourceTree = "<group>"; };
		39B469F020490A38008965C0 /* AuthService.swift */ = {isa = PBXFileReference; lastKnownFileType = sourcecode.swift; path = AuthService.swift; sourceTree = "<group>"; };
		39B469F320490C3F008965C0 /* Constants.swift */ = {isa = PBXFileReference; lastKnownFileType = sourcecode.swift; path = Constants.swift; sourceTree = "<group>"; };
		39B469F5205093C8008965C0 /* MeVC.swift */ = {isa = PBXFileReference; lastKnownFileType = sourcecode.swift; path = MeVC.swift; sourceTree = "<group>"; };
		39B469F920510934008965C0 /* CreatePostVC.swift */ = {isa = PBXFileReference; lastKnownFileType = sourcecode.swift; path = CreatePostVC.swift; sourceTree = "<group>"; };
		4A85C741597DAA15B6589E72 /* Pods-BreakPoint.release.xcconfig */ = {isa = PBXFileReference; includeInIndex = 1; lastKnownFileType = text.xcconfig; name = "Pods-BreakPoint.release.xcconfig"; path = "Pods/Target Support Files/Pods-BreakPoint/Pods-BreakPoint.release.xcconfig"; sourceTree = "<group>"; };
		9A24B3957610D9AA6D6E0338 /* Pods_BreakPoint.framework */ = {isa = PBXFileReference; explicitFileType = wrapper.framework; includeInIndex = 0; path = Pods_BreakPoint.framework; sourceTree = BUILT_PRODUCTS_DIR; };
/* End PBXFileReference section */

/* Begin PBXFrameworksBuildPhase section */
		39B469C520475C3A008965C0 /* Frameworks */ = {
			isa = PBXFrameworksBuildPhase;
			buildActionMask = 2147483647;
			files = (
				0BFB014AFB6E0F0CB71593D6 /* Pods_BreakPoint.framework in Frameworks */,
			);
			runOnlyForDeploymentPostprocessing = 0;
		};
/* End PBXFrameworksBuildPhase section */

/* Begin PBXGroup section */
		39B469BF20475C3A008965C0 = {
			isa = PBXGroup;
			children = (
				39B469CA20475C3A008965C0 /* BreakPoint */,
				39B469C920475C3A008965C0 /* Products */,
				D0672556710655126119EC34 /* Pods */,
				989168EE962DEC73A36234E6 /* Frameworks */,
			);
			sourceTree = "<group>";
		};
		39B469C920475C3A008965C0 /* Products */ = {
			isa = PBXGroup;
			children = (
				39B469C820475C3A008965C0 /* BreakPoint.app */,
			);
			name = Products;
			sourceTree = "<group>";
		};
		39B469CA20475C3A008965C0 /* BreakPoint */ = {
			isa = PBXGroup;
			children = (
				39B469F220490BEE008965C0 /* Utilities */,
				39B469E320475E6D008965C0 /* Services */,
				39B469E220475E3F008965C0 /* Extension */,
				39B469E120475C9F008965C0 /* Model */,
				39B469E020475C98008965C0 /* View */,
				39B469DF20475C7B008965C0 /* Controller */,
				39B469CB20475C3A008965C0 /* AppDelegate.swift */,
				39B469D120475C3A008965C0 /* Main.storyboard */,
				39B469D420475C3A008965C0 /* Assets.xcassets */,
				39B469D620475C3A008965C0 /* LaunchScreen.storyboard */,
				39B469D920475C3A008965C0 /* Info.plist */,
				39B469E42047612D008965C0 /* GoogleService-Info.plist */,
			);
			path = BreakPoint;
			sourceTree = "<group>";
		};
		39B469DF20475C7B008965C0 /* Controller */ = {
			isa = PBXGroup;
			children = (
				39B469CD20475C3A008965C0 /* FeedVC.swift */,
				39B469CF20475C3A008965C0 /* GroupsVC.swift */,
				39B469E820484362008965C0 /* AuthVC.swift */,
				39B469EA2048439F008965C0 /* LoginVC.swift */,
				39B469F5205093C8008965C0 /* MeVC.swift */,
				39B469F920510934008965C0 /* CreatePostVC.swift */,
				39771C10205516030080F859 /* CreateGroupsVC.swift */,
				39771C1A20566FDC0080F859 /* GroupFeedVC.swift */,
			);
			path = Controller;
			sourceTree = "<group>";
		};
		39B469E020475C98008965C0 /* View */ = {
			isa = PBXGroup;
			children = (
				39B469EC204843F6008965C0 /* InsetTextField.swift */,
				39B469EE20484A6D008965C0 /* ShadowView.swift */,
				3939306A2051196D00AA0AA5 /* FeedCell.swift */,
				39771C122055418B0080F859 /* UserCell.swift */,
				39771C1420565D820080F859 /* GroupCell.swift */,
				39771C1820566EB60080F859 /* GroupFeedCell.swift */,
				3903108D217D6BE30008AFF6 /* CircleImage.swift */,
			);
			path = View;
			sourceTree = "<group>";
		};
		39B469E120475C9F008965C0 /* Model */ = {
			isa = PBXGroup;
			children = (
				3939306C2052127A00AA0AA5 /* Message.swift */,
				39771C162056614D0080F859 /* Group.swift */,
				39022D08217877B300C15420 /* User.swift */,
			);
			path = Model;
			sourceTree = "<group>";
		};
		39B469E220475E3F008965C0 /* Extension */ = {
			isa = PBXGroup;
			children = (
				3939306820510F4B00AA0AA5 /* UIViewExt.swift */,
				39771C1C20597A6A0080F859 /* UIViewControllerExt.swift */,
				3903108F217D7B9C0008AFF6 /* UIImageExt.swift */,
			);
			path = Extension;
			sourceTree = "<group>";
		};
		39B469E320475E6D008965C0 /* Services */ = {
			isa = PBXGroup;
			children = (
				39B469E62047643C008965C0 /* DataService.swift */,
				39B469F020490A38008965C0 /* AuthService.swift */,
			);
			path = Services;
			sourceTree = "<group>";
		};
		39B469F220490BEE008965C0 /* Utilities */ = {
			isa = PBXGroup;
			children = (
				39B469F320490C3F008965C0 /* Constants.swift */,
			);
			path = Utilities;
			sourceTree = "<group>";
		};
		989168EE962DEC73A36234E6 /* Frameworks */ = {
			isa = PBXGroup;
			children = (
				9A24B3957610D9AA6D6E0338 /* Pods_BreakPoint.framework */,
			);
			name = Frameworks;
			sourceTree = "<group>";
		};
		D0672556710655126119EC34 /* Pods */ = {
			isa = PBXGroup;
			children = (
				15AADB9182FB1824AA5681BC /* Pods-BreakPoint.debug.xcconfig */,
				4A85C741597DAA15B6589E72 /* Pods-BreakPoint.release.xcconfig */,
			);
			name = Pods;
			sourceTree = "<group>";
		};
/* End PBXGroup section */

/* Begin PBXNativeTarget section */
		39B469C720475C3A008965C0 /* BreakPoint */ = {
			isa = PBXNativeTarget;
			buildConfigurationList = 39B469DC20475C3A008965C0 /* Build configuration list for PBXNativeTarget "BreakPoint" */;
			buildPhases = (
				D7EDF480CFDE69AFAB68312C /* [CP] Check Pods Manifest.lock */,
				39B469C420475C3A008965C0 /* Sources */,
				39B469C520475C3A008965C0 /* Frameworks */,
				39B469C620475C3A008965C0 /* Resources */,
				FCFCEEB9FBF3C4FE0FB68945 /* [CP] Embed Pods Frameworks */,
			);
			buildRules = (
			);
			dependencies = (
			);
			name = BreakPoint;
			productName = BreakPoint;
			productReference = 39B469C820475C3A008965C0 /* BreakPoint.app */;
			productType = "com.apple.product-type.application";
		};
/* End PBXNativeTarget section */

/* Begin PBXProject section */
		39B469C020475C3A008965C0 /* Project object */ = {
			isa = PBXProject;
			attributes = {
				LastSwiftUpdateCheck = 0920;
				LastUpgradeCheck = 0920;
				ORGANIZATIONNAME = nan;
				TargetAttributes = {
					39B469C720475C3A008965C0 = {
						CreatedOnToolsVersion = 9.2;
						LastSwiftMigration = 1000;
						ProvisioningStyle = Automatic;
					};
				};
			};
			buildConfigurationList = 39B469C320475C3A008965C0 /* Build configuration list for PBXProject "BreakPoint" */;
			compatibilityVersion = "Xcode 8.0";
			developmentRegion = en;
			hasScannedForEncodings = 0;
			knownRegions = (
				en,
				Base,
			);
			mainGroup = 39B469BF20475C3A008965C0;
			productRefGroup = 39B469C920475C3A008965C0 /* Products */;
			projectDirPath = "";
			projectRoot = "";
			targets = (
				39B469C720475C3A008965C0 /* BreakPoint */,
			);
		};
/* End PBXProject section */

/* Begin PBXResourcesBuildPhase section */
		39B469C620475C3A008965C0 /* Resources */ = {
			isa = PBXResourcesBuildPhase;
			buildActionMask = 2147483647;
			files = (
				39B469D820475C3A008965C0 /* LaunchScreen.storyboard in Resources */,
				39B469E52047612D008965C0 /* GoogleService-Info.plist in Resources */,
				39B469D520475C3A008965C0 /* Assets.xcassets in Resources */,
				39B469D320475C3A008965C0 /* Main.storyboard in Resources */,
			);
			runOnlyForDeploymentPostprocessing = 0;
		};
/* End PBXResourcesBuildPhase section */

/* Begin PBXShellScriptBuildPhase section */
		D7EDF480CFDE69AFAB68312C /* [CP] Check Pods Manifest.lock */ = {
			isa = PBXShellScriptBuildPhase;
			buildActionMask = 2147483647;
			files = (
			);
			inputPaths = (
				"${PODS_PODFILE_DIR_PATH}/Podfile.lock",
				"${PODS_ROOT}/Manifest.lock",
			);
			name = "[CP] Check Pods Manifest.lock";
			outputPaths = (
				"$(DERIVED_FILE_DIR)/Pods-BreakPoint-checkManifestLockResult.txt",
			);
			runOnlyForDeploymentPostprocessing = 0;
			shellPath = /bin/sh;
			shellScript = "diff \"${PODS_PODFILE_DIR_PATH}/Podfile.lock\" \"${PODS_ROOT}/Manifest.lock\" > /dev/null\nif [ $? != 0 ] ; then\n    # print error to STDERR\n    echo \"error: The sandbox is not in sync with the Podfile.lock. Run 'pod install' or update your CocoaPods installation.\" >&2\n    exit 1\nfi\n# This output is used by Xcode 'outputs' to avoid re-running this script phase.\necho \"SUCCESS\" > \"${SCRIPT_OUTPUT_FILE_0}\"\n";
			showEnvVarsInLog = 0;
		};
		FCFCEEB9FBF3C4FE0FB68945 /* [CP] Embed Pods Frameworks */ = {
			isa = PBXShellScriptBuildPhase;
			buildActionMask = 2147483647;
			files = (
			);
			inputPaths = (
				"${SRCROOT}/Pods/Target Support Files/Pods-BreakPoint/Pods-BreakPoint-frameworks.sh",
				"${BUILT_PRODUCTS_DIR}/Bolts/Bolts.framework",
				"${BUILT_PRODUCTS_DIR}/FBSDKCoreKit/FBSDKCoreKit.framework",
				"${BUILT_PRODUCTS_DIR}/FBSDKLoginKit/FBSDKLoginKit.framework",
				"${BUILT_PRODUCTS_DIR}/GTMSessionFetcher/GTMSessionFetcher.framework",
				"${BUILT_PRODUCTS_DIR}/GoogleToolboxForMac/GoogleToolboxForMac.framework",
				"${BUILT_PRODUCTS_DIR}/Realm/Realm.framework",
				"${BUILT_PRODUCTS_DIR}/RealmSwift/RealmSwift.framework",
				"${BUILT_PRODUCTS_DIR}/leveldb-library/leveldb.framework",
				"${BUILT_PRODUCTS_DIR}/nanopb/nanopb.framework",
			);
			name = "[CP] Embed Pods Frameworks";
			outputPaths = (
				"${TARGET_BUILD_DIR}/${FRAMEWORKS_FOLDER_PATH}/Bolts.framework",
				"${TARGET_BUILD_DIR}/${FRAMEWORKS_FOLDER_PATH}/FBSDKCoreKit.framework",
				"${TARGET_BUILD_DIR}/${FRAMEWORKS_FOLDER_PATH}/FBSDKLoginKit.framework",
				"${TARGET_BUILD_DIR}/${FRAMEWORKS_FOLDER_PATH}/GTMSessionFetcher.framework",
				"${TARGET_BUILD_DIR}/${FRAMEWORKS_FOLDER_PATH}/GoogleToolboxForMac.framework",
				"${TARGET_BUILD_DIR}/${FRAMEWORKS_FOLDER_PATH}/Realm.framework",
				"${TARGET_BUILD_DIR}/${FRAMEWORKS_FOLDER_PATH}/RealmSwift.framework",
				"${TARGET_BUILD_DIR}/${FRAMEWORKS_FOLDER_PATH}/leveldb.framework",
				"${TARGET_BUILD_DIR}/${FRAMEWORKS_FOLDER_PATH}/nanopb.framework",
			);
			runOnlyForDeploymentPostprocessing = 0;
			shellPath = /bin/sh;
			shellScript = "\"${SRCROOT}/Pods/Target Support Files/Pods-BreakPoint/Pods-BreakPoint-frameworks.sh\"\n";
			showEnvVarsInLog = 0;
		};
/* End PBXShellScriptBuildPhase section */

/* Begin PBXSourcesBuildPhase section */
		39B469C420475C3A008965C0 /* Sources */ = {
			isa = PBXSourcesBuildPhase;
			buildActionMask = 2147483647;
			files = (
				3939306920510F4B00AA0AA5 /* UIViewExt.swift in Sources */,
				39771C1B20566FDC0080F859 /* GroupFeedVC.swift in Sources */,
				39B469E920484362008965C0 /* AuthVC.swift in Sources */,
				39B469D020475C3A008965C0 /* GroupsVC.swift in Sources */,
				39B469EB2048439F008965C0 /* LoginVC.swift in Sources */,
				39771C132055418B0080F859 /* UserCell.swift in Sources */,
				39B469F120490A38008965C0 /* AuthService.swift in Sources */,
				39771C172056614D0080F859 /* Group.swift in Sources */,
				39B469CC20475C3A008965C0 /* AppDelegate.swift in Sources */,
				39B469F420490C3F008965C0 /* Constants.swift in Sources */,
				3939306B2051196D00AA0AA5 /* FeedCell.swift in Sources */,
				39771C1520565D820080F859 /* GroupCell.swift in Sources */,
				39771C1D20597A6A0080F859 /* UIViewControllerExt.swift in Sources */,
				39B469EF20484A6D008965C0 /* ShadowView.swift in Sources */,
				39B469F6205093C8008965C0 /* MeVC.swift in Sources */,
				39B469FA20510934008965C0 /* CreatePostVC.swift in Sources */,
				39B469CE20475C3A008965C0 /* FeedVC.swift in Sources */,
				3903108E217D6BE40008AFF6 /* CircleImage.swift in Sources */,
				39771C1920566EB60080F859 /* GroupFeedCell.swift in Sources */,
				39771C11205516030080F859 /* CreateGroupsVC.swift in Sources */,
				3939306D2052127A00AA0AA5 /* Message.swift in Sources */,
				39B469ED204843F6008965C0 /* InsetTextField.swift in Sources */,
				39B469E72047643C008965C0 /* DataService.swift in Sources */,
				39022D09217877B300C15420 /* User.swift in Sources */,
				39031090217D7B9C0008AFF6 /* UIImageExt.swift in Sources */,
			);
			runOnlyForDeploymentPostprocessing = 0;
		};
/* End PBXSourcesBuildPhase section */

/* Begin PBXVariantGroup section */
		39B469D120475C3A008965C0 /* Main.storyboard */ = {
			isa = PBXVariantGroup;
			children = (
				39B469D220475C3A008965C0 /* Base */,
			);
			name = Main.storyboard;
			sourceTree = "<group>";
		};
		39B469D620475C3A008965C0 /* LaunchScreen.storyboard */ = {
			isa = PBXVariantGroup;
			children = (
				39B469D720475C3A008965C0 /* Base */,
			);
			name = LaunchScreen.storyboard;
			sourceTree = "<group>";
		};
/* End PBXVariantGroup section */

/* Begin XCBuildConfiguration section */
		39B469DA20475C3A008965C0 /* Debug */ = {
			isa = XCBuildConfiguration;
			buildSettings = {
				ALWAYS_SEARCH_USER_PATHS = NO;
				CLANG_ANALYZER_NONNULL = YES;
				CLANG_ANALYZER_NUMBER_OBJECT_CONVERSION = YES_AGGRESSIVE;
				CLANG_CXX_LANGUAGE_STANDARD = "gnu++14";
				CLANG_CXX_LIBRARY = "libc++";
				CLANG_ENABLE_MODULES = YES;
				CLANG_ENABLE_OBJC_ARC = YES;
				CLANG_WARN_BLOCK_CAPTURE_AUTORELEASING = YES;
				CLANG_WARN_BOOL_CONVERSION = YES;
				CLANG_WARN_COMMA = YES;
				CLANG_WARN_CONSTANT_CONVERSION = YES;
				CLANG_WARN_DIRECT_OBJC_ISA_USAGE = YES_ERROR;
				CLANG_WARN_DOCUMENTATION_COMMENTS = YES;
				CLANG_WARN_EMPTY_BODY = YES;
				CLANG_WARN_ENUM_CONVERSION = YES;
				CLANG_WARN_INFINITE_RECURSION = YES;
				CLANG_WARN_INT_CONVERSION = YES;
				CLANG_WARN_NON_LITERAL_NULL_CONVERSION = YES;
				CLANG_WARN_OBJC_LITERAL_CONVERSION = YES;
				CLANG_WARN_OBJC_ROOT_CLASS = YES_ERROR;
				CLANG_WARN_RANGE_LOOP_ANALYSIS = YES;
				CLANG_WARN_STRICT_PROTOTYPES = YES;
				CLANG_WARN_SUSPICIOUS_MOVE = YES;
				CLANG_WARN_UNGUARDED_AVAILABILITY = YES_AGGRESSIVE;
				CLANG_WARN_UNREACHABLE_CODE = YES;
				CLANG_WARN__DUPLICATE_METHOD_MATCH = YES;
				CODE_SIGN_IDENTITY = "iPhone Developer";
				COPY_PHASE_STRIP = NO;
				DEBUG_INFORMATION_FORMAT = dwarf;
				ENABLE_STRICT_OBJC_MSGSEND = YES;
				ENABLE_TESTABILITY = YES;
				GCC_C_LANGUAGE_STANDARD = gnu11;
				GCC_DYNAMIC_NO_PIC = NO;
				GCC_NO_COMMON_BLOCKS = YES;
				GCC_OPTIMIZATION_LEVEL = 0;
				GCC_PREPROCESSOR_DEFINITIONS = (
					"DEBUG=1",
					"$(inherited)",
				);
				GCC_WARN_64_TO_32_BIT_CONVERSION = YES;
				GCC_WARN_ABOUT_RETURN_TYPE = YES_ERROR;
				GCC_WARN_UNDECLARED_SELECTOR = YES;
				GCC_WARN_UNINITIALIZED_AUTOS = YES_AGGRESSIVE;
				GCC_WARN_UNUSED_FUNCTION = YES;
				GCC_WARN_UNUSED_VARIABLE = YES;
				IPHONEOS_DEPLOYMENT_TARGET = 11.2;
				MTL_ENABLE_DEBUG_INFO = YES;
				ONLY_ACTIVE_ARCH = YES;
				SDKROOT = iphoneos;
				SWIFT_ACTIVE_COMPILATION_CONDITIONS = DEBUG;
				SWIFT_OPTIMIZATION_LEVEL = "-Onone";
			};
			name = Debug;
		};
		39B469DB20475C3A008965C0 /* Release */ = {
			isa = XCBuildConfiguration;
			buildSettings = {
				ALWAYS_SEARCH_USER_PATHS = NO;
				CLANG_ANALYZER_NONNULL = YES;
				CLANG_ANALYZER_NUMBER_OBJECT_CONVERSION = YES_AGGRESSIVE;
				CLANG_CXX_LANGUAGE_STANDARD = "gnu++14";
				CLANG_CXX_LIBRARY = "libc++";
				CLANG_ENABLE_MODULES = YES;
				CLANG_ENABLE_OBJC_ARC = YES;
				CLANG_WARN_BLOCK_CAPTURE_AUTORELEASING = YES;
				CLANG_WARN_BOOL_CONVERSION = YES;
				CLANG_WARN_COMMA = YES;
				CLANG_WARN_CONSTANT_CONVERSION = YES;
				CLANG_WARN_DIRECT_OBJC_ISA_USAGE = YES_ERROR;
				CLANG_WARN_DOCUMENTATION_COMMENTS = YES;
				CLANG_WARN_EMPTY_BODY = YES;
				CLANG_WARN_ENUM_CONVERSION = YES;
				CLANG_WARN_INFINITE_RECURSION = YES;
				CLANG_WARN_INT_CONVERSION = YES;
				CLANG_WARN_NON_LITERAL_NULL_CONVERSION = YES;
				CLANG_WARN_OBJC_LITERAL_CONVERSION = YES;
				CLANG_WARN_OBJC_ROOT_CLASS = YES_ERROR;
				CLANG_WARN_RANGE_LOOP_ANALYSIS = YES;
				CLANG_WARN_STRICT_PROTOTYPES = YES;
				CLANG_WARN_SUSPICIOUS_MOVE = YES;
				CLANG_WARN_UNGUARDED_AVAILABILITY = YES_AGGRESSIVE;
				CLANG_WARN_UNREACHABLE_CODE = YES;
				CLANG_WARN__DUPLICATE_METHOD_MATCH = YES;
				CODE_SIGN_IDENTITY = "iPhone Developer";
				COPY_PHASE_STRIP = NO;
				DEBUG_INFORMATION_FORMAT = "dwarf-with-dsym";
				ENABLE_NS_ASSERTIONS = NO;
				ENABLE_STRICT_OBJC_MSGSEND = YES;
				GCC_C_LANGUAGE_STANDARD = gnu11;
				GCC_NO_COMMON_BLOCKS = YES;
				GCC_WARN_64_TO_32_BIT_CONVERSION = YES;
				GCC_WARN_ABOUT_RETURN_TYPE = YES_ERROR;
				GCC_WARN_UNDECLARED_SELECTOR = YES;
				GCC_WARN_UNINITIALIZED_AUTOS = YES_AGGRESSIVE;
				GCC_WARN_UNUSED_FUNCTION = YES;
				GCC_WARN_UNUSED_VARIABLE = YES;
				IPHONEOS_DEPLOYMENT_TARGET = 11.2;
				MTL_ENABLE_DEBUG_INFO = NO;
				SDKROOT = iphoneos;
				SWIFT_OPTIMIZATION_LEVEL = "-Owholemodule";
				VALIDATE_PRODUCT = YES;
			};
			name = Release;
		};
		39B469DD20475C3A008965C0 /* Debug */ = {
			isa = XCBuildConfiguration;
			baseConfigurationReference = 15AADB9182FB1824AA5681BC /* Pods-BreakPoint.debug.xcconfig */;
			buildSettings = {
				ASSETCATALOG_COMPILER_APPICON_NAME = AppIcon;
				CODE_SIGN_STYLE = Automatic;
				DEVELOPMENT_TEAM = CFAPXCHZ99;
				INFOPLIST_FILE = BreakPoint/Info.plist;
				LD_RUNPATH_SEARCH_PATHS = "$(inherited) @executable_path/Frameworks";
				PRODUCT_BUNDLE_IDENTIFIER = tw.nan.www.BreakPoint;
				PRODUCT_NAME = "$(TARGET_NAME)";
				SWIFT_VERSION = 4.2;
				TARGETED_DEVICE_FAMILY = "1,2";
			};
			name = Debug;
		};
		39B469DE20475C3A008965C0 /* Release */ = {
			isa = XCBuildConfiguration;
			baseConfigurationReference = 4A85C741597DAA15B6589E72 /* Pods-BreakPoint.release.xcconfig */;
			buildSettings = {
				ASSETCATALOG_COMPILER_APPICON_NAME = AppIcon;
				CODE_SIGN_STYLE = Automatic;
				DEVELOPMENT_TEAM = CFAPXCHZ99;
				INFOPLIST_FILE = BreakPoint/Info.plist;
				LD_RUNPATH_SEARCH_PATHS = "$(inherited) @executable_path/Frameworks";
				PRODUCT_BUNDLE_IDENTIFIER = tw.nan.www.BreakPoint;
				PRODUCT_NAME = "$(TARGET_NAME)";
				SWIFT_VERSION = 4.2;
				TARGETED_DEVICE_FAMILY = "1,2";
			};
			name = Release;
		};
/* End XCBuildConfiguration section */

/* Begin XCConfigurationList section */
		39B469C320475C3A008965C0 /* Build configuration list for PBXProject "BreakPoint" */ = {
			isa = XCConfigurationList;
			buildConfigurations = (
				39B469DA20475C3A008965C0 /* Debug */,
				39B469DB20475C3A008965C0 /* Release */,
			);
			defaultConfigurationIsVisible = 0;
			defaultConfigurationName = Release;
		};
		39B469DC20475C3A008965C0 /* Build configuration list for PBXNativeTarget "BreakPoint" */ = {
			isa = XCConfigurationList;
			buildConfigurations = (
				39B469DD20475C3A008965C0 /* Debug */,
				39B469DE20475C3A008965C0 /* Release */,
			);
			defaultConfigurationIsVisible = 0;
			defaultConfigurationName = Release;
		};
/* End XCConfigurationList section */
	};
	rootObject = 39B469C020475C3A008965C0 /* Project object */;
}
